
Microsoft Visual Studio Solution File, Format Version 12.00
Project("{FAE04EC0-301F-11D3-BF4B-00C04F79EFBC}") = "CatalogMvc", "CatalogMvc\CatalogMvc.csproj", "{CF29C56A-938A-4ACD-B28C-ADB98E193861}"
EndProject
Global
	GlobalSection(SolutionConfigurationPlatforms) = preSolution
		Debug|Any CPU = Debug|Any CPU
		Release|Any CPU = Release|Any CPU
	EndGlobalSection
	GlobalSection(ProjectConfigurationPlatforms) = postSolution
		{CF29C56A-938A-4ACD-B28C-ADB98E193861}.Debug|Any CPU.ActiveCfg = Debug|Any CPU
		{CF29C56A-938A-4ACD-B28C-ADB98E193861}.Debug|Any CPU.Build.0 = Debug|Any CPU
		{CF29C56A-938A-4ACD-B28C-ADB98E193861}.Release|Any CPU.ActiveCfg = Release|Any CPU
		{CF29C56A-938A-4ACD-B28C-ADB98E193861}.Release|Any CPU.Build.0 = Release|Any CPU
	EndGlobalSection
EndGlobal
